
Microsoft Visual Studio Solution File, Format Version 11.00
# Visual Studio 2010
Project("{FAE04EC0-301F-11D3-BF4B-00C04F79EFBC}") = "FuzzyLogicWebService", "FuzzyLogicWebService\FuzzyLogicWebService.csproj", "{424BA471-6A3C-4807-9E1B-E9AD18651CC1}"
EndProject
Project("{FAE04EC0-301F-11D3-BF4B-00C04F79EFBC}") = "FuzzyLogicWebService.Tests", "FuzzyLogicWebService.Tests\FuzzyLogicWebService.Tests.csproj", "{2D136B06-189C-4522-99C5-1A46603E03F6}"
EndProject
Global
	GlobalSection(SolutionConfigurationPlatforms) = preSolution
		Debug|Any CPU = Debug|Any CPU
		Release|Any CPU = Release|Any CPU
	EndGlobalSection
	GlobalSection(ProjectConfigurationPlatforms) = postSolution
		{424BA471-6A3C-4807-9E1B-E9AD18651CC1}.Debug|Any CPU.ActiveCfg = Debug|Any CPU
		{424BA471-6A3C-4807-9E1B-E9AD18651CC1}.Debug|Any CPU.Build.0 = Debug|Any CPU
		{424BA471-6A3C-4807-9E1B-E9AD18651CC1}.Release|Any CPU.ActiveCfg = Release|Any CPU
		{424BA471-6A3C-4807-9E1B-E9AD18651CC1}.Release|Any CPU.Build.0 = Release|Any CPU
		{2D136B06-189C-4522-99C5-1A46603E03F6}.Debug|Any CPU.ActiveCfg = Debug|Any CPU
		{2D136B06-189C-4522-99C5-1A46603E03F6}.Debug|Any CPU.Build.0 = Debug|Any CPU
		{2D136B06-189C-4522-99C5-1A46603E03F6}.Release|Any CPU.ActiveCfg = Release|Any CPU
		{2D136B06-189C-4522-99C5-1A46603E03F6}.Release|Any CPU.Build.0 = Release|Any CPU
	EndGlobalSection
	GlobalSection(SolutionProperties) = preSolution
		HideSolutionNode = FALSE
	EndGlobalSection
EndGlobal
